
Microsoft Visual Studio Solution File, Format Version 12.00
# Visual Studio 15
Project("{FAE04EC0-301F-11D3-BF4B-00C04F79EFBC}") = "Assembly-CSharp", "Assembly-CSharp.csproj", "{DF055E5D-E587-B63A-80A6-1B7D144E65CA}"
EndProject
Project("{FAE04EC0-301F-11D3-BF4B-00C04F79EFBC}") = "Assembly-CSharp-Editor", "Assembly-CSharp-Editor.csproj", "{AE0B9A9B-8AB7-39C0-6366-AFF24249265E}"
EndProject
Global
	GlobalSection(SolutionConfigurationPlatforms) = preSolution
		Debug|Any CPU = Debug|Any CPU
		Release|Any CPU = Release|Any CPU
	EndGlobalSection
	GlobalSection(ProjectConfigurationPlatforms) = postSolution
		{DF055E5D-E587-B63A-80A6-1B7D144E65CA}.Debug|Any CPU.ActiveCfg = Debug|Any CPU
		{DF055E5D-E587-B63A-80A6-1B7D144E65CA}.Debug|Any CPU.Build.0 = Debug|Any CPU
		{DF055E5D-E587-B63A-80A6-1B7D144E65CA}.Release|Any CPU.ActiveCfg = Release|Any CPU
		{DF055E5D-E587-B63A-80A6-1B7D144E65CA}.Release|Any CPU.Build.0 = Release|Any CPU
		{AE0B9A9B-8AB7-39C0-6366-AFF24249265E}.Debug|Any CPU.ActiveCfg = Debug|Any CPU
		{AE0B9A9B-8AB7-39C0-6366-AFF24249265E}.Debug|Any CPU.Build.0 = Debug|Any CPU
		{AE0B9A9B-8AB7-39C0-6366-AFF24249265E}.Release|Any CPU.ActiveCfg = Release|Any CPU
		{AE0B9A9B-8AB7-39C0-6366-AFF24249265E}.Release|Any CPU.Build.0 = Release|Any CPU
	EndGlobalSection
	GlobalSection(SolutionProperties) = preSolution
		HideSolutionNode = FALSE
	EndGlobalSection
EndGlobal
